
Microsoft Visual Studio Solution File, Format Version 12.00
# Visual Studio 2013
VisualStudioVersion = 12.0.31101.0
MinimumVisualStudioVersion = 10.0.40219.1
Project("{8BC9CEB8-8B4A-11D0-8D11-00A0C91BC942}") = "DMSDemo", "DMSDemo\DMSDemo.vcxproj", "{17334879-EF28-4B05-B54E-7E6E4B466331}"
EndProject
Global
	GlobalSection(SolutionConfigurationPlatforms) = preSolution
		Debug|Win32 = Debug|Win32
		Debug|x64 = Debug|x64
		Release|Win32 = Release|Win32
		Release|x64 = Release|x64
	EndGlobalSection
	GlobalSection(ProjectConfigurationPlatforms) = postSolution
		{17334879-EF28-4B05-B54E-7E6E4B466331}.Debug|Win32.ActiveCfg = Debug|Win32
		{17334879-EF28-4B05-B54E-7E6E4B466331}.Debug|Win32.Build.0 = Debug|Win32
		{17334879-EF28-4B05-B54E-7E6E4B466331}.Debug|Win32.Deploy.0 = Debug|Win32
		{17334879-EF28-4B05-B54E-7E6E4B466331}.Debug|x64.ActiveCfg = Debug|x64
		{17334879-EF28-4B05-B54E-7E6E4B466331}.Debug|x64.Build.0 = Debug|x64
		{17334879-EF28-4B05-B54E-7E6E4B466331}.Release|Win32.ActiveCfg = Release|Win32
		{17334879-EF28-4B05-B54E-7E6E4B466331}.Release|Win32.Build.0 = Release|Win32
		{17334879-EF28-4B05-B54E-7E6E4B466331}.Release|x64.ActiveCfg = Release|x64
		{17334879-EF28-4B05-B54E-7E6E4B466331}.Release|x64.Build.0 = Release|x64
	EndGlobalSection
	GlobalSection(SolutionProperties) = preSolution
		HideSolutionNode = FALSE
	EndGlobalSection
EndGlobal
